
Microsoft Visual Studio Solution File, Format Version 12.00
# Visual Studio Version 17
VisualStudioVersion = 17.7.34221.43
MinimumVisualStudioVersion = 10.0.40219.1
Project("{8BC9CEB8-8B4A-11D0-8D11-00A0C91BC942}") = "AdditiveIK", "AdditiveIK.vcxproj", "{D6AC69E9-3EA0-4626-A0BD-C946E9F00AA0}"
	ProjectSection(ProjectDependencies) = postProject
		{03DE3FA1-540A-42E8-A21E-01E748C2CAD1} = {03DE3FA1-540A-42E8-A21E-01E748C2CAD1}
		{07EA6B92-803E-4B89-A9AF-D2943152EDD8} = {07EA6B92-803E-4B89-A9AF-D2943152EDD8}
		{3E0E8608-CD9B-4C76-AF33-29CA38F2C9F0} = {3E0E8608-CD9B-4C76-AF33-29CA38F2C9F0}
		{685F9058-0508-465F-8241-7B18E04DE02C} = {685F9058-0508-465F-8241-7B18E04DE02C}
		{717911CA-5A6B-4301-8F81-07E59DE3B8AC} = {717911CA-5A6B-4301-8F81-07E59DE3B8AC}
		{8BE7704E-369F-4630-ADD8-AFCD72CA2D35} = {8BE7704E-369F-4630-ADD8-AFCD72CA2D35}
		{99CBE270-991B-4CE4-AA08-4C287B07C48F} = {99CBE270-991B-4CE4-AA08-4C287B07C48F}
		{9C52397B-6015-4CCE-BCF6-5F6992125435} = {9C52397B-6015-4CCE-BCF6-5F6992125435}
		{AFFBB2CF-3F1D-4C67-AD25-2C39010104AF} = {AFFBB2CF-3F1D-4C67-AD25-2C39010104AF}
		{CA222FF8-194A-4AD3-A782-750E286A7683} = {CA222FF8-194A-4AD3-A782-750E286A7683}
		{F8E7F942-5D8F-4304-810A-26A842748B50} = {F8E7F942-5D8F-4304-810A-26A842748B50}
		{F95BF8DF-852C-4E04-9D4C-3992A52A1EF1} = {F95BF8DF-852C-4E04-9D4C-3992A52A1EF1}
		{FEDE060E-F19D-4680-ACA0-C711E148EBE9} = {FEDE060E-F19D-4680-ACA0-C711E148EBE9}
	EndProjectSection
EndProject
Project("{8BC9CEB8-8B4A-11D0-8D11-00A0C91BC942}") = "CapBrush", "..\MBPluginsSDK\CapBrush\CapBrush.vcxproj", "{685F9058-0508-465F-8241-7B18E04DE02C}"
EndProject
Project("{2150E333-8FDC-42A3-9474-1A3956D46DE8}") = "Brushes", "Brushes", "{F966C5FD-1FF6-4143-A082-A8559C02FB8E}"
EndProject
Project("{8BC9CEB8-8B4A-11D0-8D11-00A0C91BC942}") = "Cos2Brush", "..\MBPluginsSDK\Cos2Brush\Cos2Brush.vcxproj", "{03DE3FA1-540A-42E8-A21E-01E748C2CAD1}"
EndProject
Project("{8BC9CEB8-8B4A-11D0-8D11-00A0C91BC942}") = "CosBrush", "..\MBPluginsSDK\CosBrush\CosBrush.vcxproj", "{717911CA-5A6B-4301-8F81-07E59DE3B8AC}"
EndProject
Project("{8BC9CEB8-8B4A-11D0-8D11-00A0C91BC942}") = "Punch1Brush", "..\MBPluginsSDK\Punch1Brush\Punch1Brush.vcxproj", "{99CBE270-991B-4CE4-AA08-4C287B07C48F}"
EndProject
Project("{8BC9CEB8-8B4A-11D0-8D11-00A0C91BC942}") = "Punch2Brush", "..\MBPluginsSDK\Punch2Brush\Punch2Brush.vcxproj", "{F95BF8DF-852C-4E04-9D4C-3992A52A1EF1}"
EndProject
Project("{8BC9CEB8-8B4A-11D0-8D11-00A0C91BC942}") = "RectBrush", "..\MBPluginsSDK\RectBrush\RectBrush.vcxproj", "{8BE7704E-369F-4630-ADD8-AFCD72CA2D35}"
EndProject
Project("{8BC9CEB8-8B4A-11D0-8D11-00A0C91BC942}") = "SawBrush", "..\MBPluginsSDK\SawBrush\SawBrush.vcxproj", "{9C52397B-6015-4CCE-BCF6-5F6992125435}"
EndProject
Project("{8BC9CEB8-8B4A-11D0-8D11-00A0C91BC942}") = "UpCosBrush", "..\MBPluginsSDK\UpCosBrush\UpCosBrush.vcxproj", "{FEDE060E-F19D-4680-ACA0-C711E148EBE9}"
EndProject
Project("{8BC9CEB8-8B4A-11D0-8D11-00A0C91BC942}") = "UpLinearBrush", "..\MBPluginsSDK\UpLinearBrush\UpLinearBrush.vcxproj", "{07EA6B92-803E-4B89-A9AF-D2943152EDD8}"
EndProject
Project("{8BC9CEB8-8B4A-11D0-8D11-00A0C91BC942}") = "UpX2Brush", "..\MBPluginsSDK\UpX2Brush\UpX2Brush.vcxproj", "{F8E7F942-5D8F-4304-810A-26A842748B50}"
EndProject
Project("{8BC9CEB8-8B4A-11D0-8D11-00A0C91BC942}") = "X2NeedleBrush", "..\MBPluginsSDK\X2NeedleBrush\X2NeedleBrush.vcxproj", "{AFFBB2CF-3F1D-4C67-AD25-2C39010104AF}"
EndProject
Project("{2150E333-8FDC-42A3-9474-1A3956D46DE8}") = "BulletPhysics", "BulletPhysics", "{C342E0F4-A469-48A5-9021-B62147FB0DF7}"
EndProject
Project("{8BC9CEB8-8B4A-11D0-8D11-00A0C91BC942}") = "BulletPhysicsLib", "..\BulletPhysicsLib\BulletPhysicsLib.vcxproj", "{CA222FF8-194A-4AD3-A782-750E286A7683}"
EndProject
Project("{2150E333-8FDC-42A3-9474-1A3956D46DE8}") = "DirectXTK12", "DirectXTK12", "{B7695CF9-94A4-4A10-B426-E384F1694697}"
EndProject
Project("{8BC9CEB8-8B4A-11D0-8D11-00A0C91BC942}") = "DirectXTK12", "..\MiniEngine\DirectXTK\DirectXTK_Desktop_2022_Win10.vcxproj", "{3E0E8608-CD9B-4C76-AF33-29CA38F2C9F0}"
EndProject
Global
	GlobalSection(SolutionConfigurationPlatforms) = preSolution
		Debug|ARM64 = Debug|ARM64
		Debug|x64 = Debug|x64
		Debug|x86 = Debug|x86
		Release|ARM64 = Release|ARM64
		Release|x64 = Release|x64
		Release|x86 = Release|x86
	EndGlobalSection
	GlobalSection(ProjectConfigurationPlatforms) = postSolution
		{D6AC69E9-3EA0-4626-A0BD-C946E9F00AA0}.Debug|ARM64.ActiveCfg = Debug|x64
		{D6AC69E9-3EA0-4626-A0BD-C946E9F00AA0}.Debug|ARM64.Build.0 = Debug|x64
		{D6AC69E9-3EA0-4626-A0BD-C946E9F00AA0}.Debug|x64.ActiveCfg = Debug|x64
		{D6AC69E9-3EA0-4626-A0BD-C946E9F00AA0}.Debug|x64.Build.0 = Debug|x64
		{D6AC69E9-3EA0-4626-A0BD-C946E9F00AA0}.Debug|x86.ActiveCfg = Debug|Win32
		{D6AC69E9-3EA0-4626-A0BD-C946E9F00AA0}.Debug|x86.Build.0 = Debug|Win32
		{D6AC69E9-3EA0-4626-A0BD-C946E9F00AA0}.Release|ARM64.ActiveCfg = Release|x64
		{D6AC69E9-3EA0-4626-A0BD-C946E9F00AA0}.Release|ARM64.Build.0 = Release|x64
		{D6AC69E9-3EA0-4626-A0BD-C946E9F00AA0}.Release|x64.ActiveCfg = Release|x64
		{D6AC69E9-3EA0-4626-A0BD-C946E9F00AA0}.Release|x64.Build.0 = Release|x64
		{D6AC69E9-3EA0-4626-A0BD-C946E9F00AA0}.Release|x86.ActiveCfg = Release|Win32
		{D6AC69E9-3EA0-4626-A0BD-C946E9F00AA0}.Release|x86.Build.0 = Release|Win32
		{685F9058-0508-465F-8241-7B18E04DE02C}.Debug|ARM64.ActiveCfg = Debug|x64
		{685F9058-0508-465F-8241-7B18E04DE02C}.Debug|ARM64.Build.0 = Debug|x64
		{685F9058-0508-465F-8241-7B18E04DE02C}.Debug|x64.ActiveCfg = Debug|x64
		{685F9058-0508-465F-8241-7B18E04DE02C}.Debug|x64.Build.0 = Debug|x64
		{685F9058-0508-465F-8241-7B18E04DE02C}.Debug|x86.ActiveCfg = Debug|Win32
		{685F9058-0508-465F-8241-7B18E04DE02C}.Debug|x86.Build.0 = Debug|Win32
		{685F9058-0508-465F-8241-7B18E04DE02C}.Release|ARM64.ActiveCfg = Release|x64
		{685F9058-0508-465F-8241-7B18E04DE02C}.Release|ARM64.Build.0 = Release|x64
		{685F9058-0508-465F-8241-7B18E04DE02C}.Release|x64.ActiveCfg = Release|x64
		{685F9058-0508-465F-8241-7B18E04DE02C}.Release|x64.Build.0 = Release|x64
		{685F9058-0508-465F-8241-7B18E04DE02C}.Release|x86.ActiveCfg = Release|Win32
		{685F9058-0508-465F-8241-7B18E04DE02C}.Release|x86.Build.0 = Release|Win32
		{03DE3FA1-540A-42E8-A21E-01E748C2CAD1}.Debug|ARM64.ActiveCfg = Debug|x64
		{03DE3FA1-540A-42E8-A21E-01E748C2CAD1}.Debug|ARM64.Build.0 = Debug|x64
		{03DE3FA1-540A-42E8-A21E-01E748C2CAD1}.Debug|x64.ActiveCfg = Debug|x64
		{03DE3FA1-540A-42E8-A21E-01E748C2CAD1}.Debug|x64.Build.0 = Debug|x64
		{03DE3FA1-540A-42E8-A21E-01E748C2CAD1}.Debug|x86.ActiveCfg = Debug|Win32
		{03DE3FA1-540A-42E8-A21E-01E748C2CAD1}.Debug|x86.Build.0 = Debug|Win32
		{03DE3FA1-540A-42E8-A21E-01E748C2CAD1}.Release|ARM64.ActiveCfg = Release|x64
		{03DE3FA1-540A-42E8-A21E-01E748C2CAD1}.Release|ARM64.Build.0 = Release|x64
		{03DE3FA1-540A-42E8-A21E-01E748C2CAD1}.Release|x64.ActiveCfg = Release|x64
		{03DE3FA1-540A-42E8-A21E-01E748C2CAD1}.Release|x64.Build.0 = Release|x64
		{03DE3FA1-540A-42E8-A21E-01E748C2CAD1}.Release|x86.ActiveCfg = Release|Win32
		{03DE3FA1-540A-42E8-A21E-01E748C2CAD1}.Release|x86.Build.0 = Release|Win32
		{717911CA-5A6B-4301-8F81-07E59DE3B8AC}.Debug|ARM64.ActiveCfg = Debug|x64
		{717911CA-5A6B-4301-8F81-07E59DE3B8AC}.Debug|ARM64.Build.0 = Debug|x64
		{717911CA-5A6B-4301-8F81-07E59DE3B8AC}.Debug|x64.ActiveCfg = Debug|x64
		{717911CA-5A6B-4301-8F81-07E59DE3B8AC}.Debug|x64.Build.0 = Debug|x64
		{717911CA-5A6B-4301-8F81-07E59DE3B8AC}.Debug|x86.ActiveCfg = Debug|Win32
		{717911CA-5A6B-4301-8F81-07E59DE3B8AC}.Debug|x86.Build.0 = Debug|Win32
		{717911CA-5A6B-4301-8F81-07E59DE3B8AC}.Release|ARM64.ActiveCfg = Release|x64
		{717911CA-5A6B-4301-8F81-07E59DE3B8AC}.Release|ARM64.Build.0 = Release|x64
		{717911CA-5A6B-4301-8F81-07E59DE3B8AC}.Release|x64.ActiveCfg = Release|x64
		{717911CA-5A6B-4301-8F81-07E59DE3B8AC}.Release|x64.Build.0 = Release|x64
		{717911CA-5A6B-4301-8F81-07E59DE3B8AC}.Release|x86.ActiveCfg = Release|Win32
		{717911CA-5A6B-4301-8F81-07E59DE3B8AC}.Release|x86.Build.0 = Release|Win32
		{99CBE270-991B-4CE4-AA08-4C287B07C48F}.Debug|ARM64.ActiveCfg = Debug|x64
		{99CBE270-991B-4CE4-AA08-4C287B07C48F}.Debug|ARM64.Build.0 = Debug|x64
		{99CBE270-991B-4CE4-AA08-4C287B07C48F}.Debug|x64.ActiveCfg = Debug|x64
		{99CBE270-991B-4CE4-AA08-4C287B07C48F}.Debug|x64.Build.0 = Debug|x64
		{99CBE270-991B-4CE4-AA08-4C287B07C48F}.Debug|x86.ActiveCfg = Debug|Win32
		{99CBE270-991B-4CE4-AA08-4C287B07C48F}.Debug|x86.Build.0 = Debug|Win32
		{99CBE270-991B-4CE4-AA08-4C287B07C48F}.Release|ARM64.ActiveCfg = Release|x64
		{99CBE270-991B-4CE4-AA08-4C287B07C48F}.Release|ARM64.Build.0 = Release|x64
		{99CBE270-991B-4CE4-AA08-4C287B07C48F}.Release|x64.ActiveCfg = Release|x64
		{99CBE270-991B-4CE4-AA08-4C287B07C48F}.Release|x64.Build.0 = Release|x64
		{99CBE270-991B-4CE4-AA08-4C287B07C48F}.Release|x86.ActiveCfg = Release|Win32
		{99CBE270-991B-4CE4-AA08-4C287B07C48F}.Release|x86.Build.0 = Release|Win32
		{F95BF8DF-852C-4E04-9D4C-3992A52A1EF1}.Debug|ARM64.ActiveCfg = Debug|x64
		{F95BF8DF-852C-4E04-9D4C-3992A52A1EF1}.Debug|ARM64.Build.0 = Debug|x64
		{F95BF8DF-852C-4E04-9D4C-3992A52A1EF1}.Debug|x64.ActiveCfg = Debug|x64
		{F95BF8DF-852C-4E04-9D4C-3992A52A1EF1}.Debug|x64.Build.0 = Debug|x64
		{F95BF8DF-852C-4E04-9D4C-3992A52A1EF1}.Debug|x86.ActiveCfg = Debug|Win32
		{F95BF8DF-852C-4E04-9D4C-3992A52A1EF1}.Debug|x86.Build.0 = Debug|Win32
		{F95BF8DF-852C-4E04-9D4C-3992A52A1EF1}.Release|ARM64.ActiveCfg = Release|x64
		{F95BF8DF-852C-4E04-9D4C-3992A52A1EF1}.Release|ARM64.Build.0 = Release|x64
		{F95BF8DF-852C-4E04-9D4C-3992A52A1EF1}.Release|x64.ActiveCfg = Release|x64
		{F95BF8DF-852C-4E04-9D4C-3992A52A1EF1}.Release|x64.Build.0 = Release|x64
		{F95BF8DF-852C-4E04-9D4C-3992A52A1EF1}.Release|x86.ActiveCfg = Release|Win32
		{F95BF8DF-852C-4E04-9D4C-3992A52A1EF1}.Release|x86.Build.0 = Release|Win32
		{8BE7704E-369F-4630-ADD8-AFCD72CA2D35}.Debug|ARM64.ActiveCfg = Debug|x64
		{8BE7704E-369F-4630-ADD8-AFCD72CA2D35}.Debug|ARM64.Build.0 = Debug|x64
		{8BE7704E-369F-4630-ADD8-AFCD72CA2D35}.Debug|x64.ActiveCfg = Debug|x64
		{8BE7704E-369F-4630-ADD8-AFCD72CA2D35}.Debug|x64.Build.0 = Debug|x64
		{8BE7704E-369F-4630-ADD8-AFCD72CA2D35}.Debug|x86.ActiveCfg = Debug|Win32
		{8BE7704E-369F-4630-ADD8-AFCD72CA2D35}.Debug|x86.Build.0 = Debug|Win32
		{8BE7704E-369F-4630-ADD8-AFCD72CA2D35}.Release|ARM64.ActiveCfg = Release|x64
		{8BE7704E-369F-4630-ADD8-AFCD72CA2D35}.Release|ARM64.Build.0 = Release|x64
		{8BE7704E-369F-4630-ADD8-AFCD72CA2D35}.Release|x64.ActiveCfg = Release|x64
		{8BE7704E-369F-4630-ADD8-AFCD72CA2D35}.Release|x64.Build.0 = Release|x64
		{8BE7704E-369F-4630-ADD8-AFCD72CA2D35}.Release|x86.ActiveCfg = Release|Win32
		{8BE7704E-369F-4630-ADD8-AFCD72CA2D35}.Release|x86.Build.0 = Release|Win32
		{9C52397B-6015-4CCE-BCF6-5F6992125435}.Debug|ARM64.ActiveCfg = Debug|x64
		{9C52397B-6015-4CCE-BCF6-5F6992125435}.Debug|ARM64.Build.0 = Debug|x64
		{9C52397B-6015-4CCE-BCF6-5F6992125435}.Debug|x64.ActiveCfg = Debug|x64
		{9C52397B-6015-4CCE-BCF6-5F6992125435}.Debug|x64.Build.0 = Debug|x64
		{9C52397B-6015-4CCE-BCF6-5F6992125435}.Debug|x86.ActiveCfg = Debug|Win32
		{9C52397B-6015-4CCE-BCF6-5F6992125435}.Debug|x86.Build.0 = Debug|Win32
		{9C52397B-6015-4CCE-BCF6-5F6992125435}.Release|ARM64.ActiveCfg = Release|x64
		{9C52397B-6015-4CCE-BCF6-5F6992125435}.Release|ARM64.Build.0 = Release|x64
		{9C52397B-6015-4CCE-BCF6-5F6992125435}.Release|x64.ActiveCfg = Release|x64
		{9C52397B-6015-4CCE-BCF6-5F6992125435}.Release|x64.Build.0 = Release|x64
		{9C52397B-6015-4CCE-BCF6-5F6992125435}.Release|x86.ActiveCfg = Release|Win32
		{9C52397B-6015-4CCE-BCF6-5F6992125435}.Release|x86.Build.0 = Release|Win32
		{FEDE060E-F19D-4680-ACA0-C711E148EBE9}.Debug|ARM64.ActiveCfg = Debug|x64
		{FEDE060E-F19D-4680-ACA0-C711E148EBE9}.Debug|ARM64.Build.0 = Debug|x64
		{FEDE060E-F19D-4680-ACA0-C711E148EBE9}.Debug|x64.ActiveCfg = Debug|x64
		{FEDE060E-F19D-4680-ACA0-C711E148EBE9}.Debug|x64.Build.0 = Debug|x64
		{FEDE060E-F19D-4680-ACA0-C711E148EBE9}.Debug|x86.ActiveCfg = Debug|Win32
		{FEDE060E-F19D-4680-ACA0-C711E148EBE9}.Debug|x86.Build.0 = Debug|Win32
		{FEDE060E-F19D-4680-ACA0-C711E148EBE9}.Release|ARM64.ActiveCfg = Release|x64
		{FEDE060E-F19D-4680-ACA0-C711E148EBE9}.Release|ARM64.Build.0 = Release|x64
		{FEDE060E-F19D-4680-ACA0-C711E148EBE9}.Release|x64.ActiveCfg = Release|x64
		{FEDE060E-F19D-4680-ACA0-C711E148EBE9}.Release|x64.Build.0 = Release|x64
		{FEDE060E-F19D-4680-ACA0-C711E148EBE9}.Release|x86.ActiveCfg = Release|Win32
		{FEDE060E-F19D-4680-ACA0-C711E148EBE9}.Release|x86.Build.0 = Release|Win32
		{07EA6B92-803E-4B89-A9AF-D2943152EDD8}.Debug|ARM64.ActiveCfg = Debug|x64
		{07EA6B92-803E-4B89-A9AF-D2943152EDD8}.Debug|ARM64.Build.0 = Debug|x64
		{07EA6B92-803E-4B89-A9AF-D2943152EDD8}.Debug|x64.ActiveCfg = Debug|x64
		{07EA6B92-803E-4B89-A9AF-D2943152EDD8}.Debug|x64.Build.0 = Debug|x64
		{07EA6B92-803E-4B89-A9AF-D2943152EDD8}.Debug|x86.ActiveCfg = Debug|Win32
		{07EA6B92-803E-4B89-A9AF-D2943152EDD8}.Debug|x86.Build.0 = Debug|Win32
		{07EA6B92-803E-4B89-A9AF-D2943152EDD8}.Release|ARM64.ActiveCfg = Release|x64
		{07EA6B92-803E-4B89-A9AF-D2943152EDD8}.Release|ARM64.Build.0 = Release|x64
		{07EA6B92-803E-4B89-A9AF-D2943152EDD8}.Release|x64.ActiveCfg = Release|x64
		{07EA6B92-803E-4B89-A9AF-D2943152EDD8}.Release|x64.Build.0 = Release|x64
		{07EA6B92-803E-4B89-A9AF-D2943152EDD8}.Release|x86.ActiveCfg = Release|Win32
		{07EA6B92-803E-4B89-A9AF-D2943152EDD8}.Release|x86.Build.0 = Release|Win32
		{F8E7F942-5D8F-4304-810A-26A842748B50}.Debug|ARM64.ActiveCfg = Debug|x64
		{F8E7F942-5D8F-4304-810A-26A842748B50}.Debug|ARM64.Build.0 = Debug|x64
		{F8E7F942-5D8F-4304-810A-26A842748B50}.Debug|x64.ActiveCfg = Debug|x64
		{F8E7F942-5D8F-4304-810A-26A842748B50}.Debug|x64.Build.0 = Debug|x64
		{F8E7F942-5D8F-4304-810A-26A842748B50}.Debug|x86.ActiveCfg = Debug|Win32
		{F8E7F942-5D8F-4304-810A-26A842748B50}.Debug|x86.Build.0 = Debug|Win32
		{F8E7F942-5D8F-4304-810A-26A842748B50}.Release|ARM64.ActiveCfg = Release|x64
		{F8E7F942-5D8F-4304-810A-26A842748B50}.Release|ARM64.Build.0 = Release|x64
		{F8E7F942-5D8F-4304-810A-26A842748B50}.Release|x64.ActiveCfg = Release|x64
		{F8E7F942-5D8F-4304-810A-26A842748B50}.Release|x64.Build.0 = Release|x64
		{F8E7F942-5D8F-4304-810A-26A842748B50}.Release|x86.ActiveCfg = Release|Win32
		{F8E7F942-5D8F-4304-810A-26A842748B50}.Release|x86.Build.0 = Release|Win32
		{AFFBB2CF-3F1D-4C67-AD25-2C39010104AF}.Debug|ARM64.ActiveCfg = Debug|x64
		{AFFBB2CF-3F1D-4C67-AD25-2C39010104AF}.Debug|ARM64.Build.0 = Debug|x64
		{AFFBB2CF-3F1D-4C67-AD25-2C39010104AF}.Debug|x64.ActiveCfg = Debug|x64
		{AFFBB2CF-3F1D-4C67-AD25-2C39010104AF}.Debug|x64.Build.0 = Debug|x64
		{AFFBB2CF-3F1D-4C67-AD25-2C39010104AF}.Debug|x86.ActiveCfg = Debug|Win32
		{AFFBB2CF-3F1D-4C67-AD25-2C39010104AF}.Debug|x86.Build.0 = Debug|Win32
		{AFFBB2CF-3F1D-4C67-AD25-2C39010104AF}.Release|ARM64.ActiveCfg = Release|x64
		{AFFBB2CF-3F1D-4C67-AD25-2C39010104AF}.Release|ARM64.Build.0 = Release|x64
		{AFFBB2CF-3F1D-4C67-AD25-2C39010104AF}.Release|x64.ActiveCfg = Release|x64
		{AFFBB2CF-3F1D-4C67-AD25-2C39010104AF}.Release|x64.Build.0 = Release|x64
		{AFFBB2CF-3F1D-4C67-AD25-2C39010104AF}.Release|x86.ActiveCfg = Release|Win32
		{AFFBB2CF-3F1D-4C67-AD25-2C39010104AF}.Release|x86.Build.0 = Release|Win32
		{CA222FF8-194A-4AD3-A782-750E286A7683}.Debug|ARM64.ActiveCfg = Debug|x64
		{CA222FF8-194A-4AD3-A782-750E286A7683}.Debug|ARM64.Build.0 = Debug|x64
		{CA222FF8-194A-4AD3-A782-750E286A7683}.Debug|x64.ActiveCfg = Debug|x64
		{CA222FF8-194A-4AD3-A782-750E286A7683}.Debug|x64.Build.0 = Debug|x64
		{CA222FF8-194A-4AD3-A782-750E286A7683}.Debug|x86.ActiveCfg = Debug|Win32
		{CA222FF8-194A-4AD3-A782-750E286A7683}.Debug|x86.Build.0 = Debug|Win32
		{CA222FF8-194A-4AD3-A782-750E286A7683}.Release|ARM64.ActiveCfg = Release|x64
		{CA222FF8-194A-4AD3-A782-750E286A7683}.Release|ARM64.Build.0 = Release|x64
		{CA222FF8-194A-4AD3-A782-750E286A7683}.Release|x64.ActiveCfg = Release|x64
		{CA222FF8-194A-4AD3-A782-750E286A7683}.Release|x64.Build.0 = Release|x64
		{CA222FF8-194A-4AD3-A782-750E286A7683}.Release|x86.ActiveCfg = Release|Win32
		{CA222FF8-194A-4AD3-A782-750E286A7683}.Release|x86.Build.0 = Release|Win32
		{3E0E8608-CD9B-4C76-AF33-29CA38F2C9F0}.Debug|ARM64.ActiveCfg = Debug|ARM64
		{3E0E8608-CD9B-4C76-AF33-29CA38F2C9F0}.Debug|ARM64.Build.0 = Debug|ARM64
		{3E0E8608-CD9B-4C76-AF33-29CA38F2C9F0}.Debug|x64.ActiveCfg = Debug|x64
		{3E0E8608-CD9B-4C76-AF33-29CA38F2C9F0}.Debug|x64.Build.0 = Debug|x64
		{3E0E8608-CD9B-4C76-AF33-29CA38F2C9F0}.Debug|x86.ActiveCfg = Debug|Win32
		{3E0E8608-CD9B-4C76-AF33-29CA38F2C9F0}.Debug|x86.Build.0 = Debug|Win32
		{3E0E8608-CD9B-4C76-AF33-29CA38F2C9F0}.Release|ARM64.ActiveCfg = Release|ARM64
		{3E0E8608-CD9B-4C76-AF33-29CA38F2C9F0}.Release|ARM64.Build.0 = Release|ARM64
		{3E0E8608-CD9B-4C76-AF33-29CA38F2C9F0}.Release|x64.ActiveCfg = Release|x64
		{3E0E8608-CD9B-4C76-AF33-29CA38F2C9F0}.Release|x64.Build.0 = Release|x64
		{3E0E8608-CD9B-4C76-AF33-29CA38F2C9F0}.Release|x86.ActiveCfg = Release|Win32
		{3E0E8608-CD9B-4C76-AF33-29CA38F2C9F0}.Release|x86.Build.0 = Release|Win32
	EndGlobalSection
	GlobalSection(SolutionProperties) = preSolution
		HideSolutionNode = FALSE
	EndGlobalSection
	GlobalSection(NestedProjects) = preSolution
		{685F9058-0508-465F-8241-7B18E04DE02C} = {F966C5FD-1FF6-4143-A082-A8559C02FB8E}
		{03DE3FA1-540A-42E8-A21E-01E748C2CAD1} = {F966C5FD-1FF6-4143-A082-A8559C02FB8E}
		{717911CA-5A6B-4301-8F81-07E59DE3B8AC} = {F966C5FD-1FF6-4143-A082-A8559C02FB8E}
		{99CBE270-991B-4CE4-AA08-4C287B07C48F} = {F966C5FD-1FF6-4143-A082-A8559C02FB8E}
		{F95BF8DF-852C-4E04-9D4C-3992A52A1EF1} = {F966C5FD-1FF6-4143-A082-A8559C02FB8E}
		{8BE7704E-369F-4630-ADD8-AFCD72CA2D35} = {F966C5FD-1FF6-4143-A082-A8559C02FB8E}
		{9C52397B-6015-4CCE-BCF6-5F6992125435} = {F966C5FD-1FF6-4143-A082-A8559C02FB8E}
		{FEDE060E-F19D-4680-ACA0-C711E148EBE9} = {F966C5FD-1FF6-4143-A082-A8559C02FB8E}
		{07EA6B92-803E-4B89-A9AF-D2943152EDD8} = {F966C5FD-1FF6-4143-A082-A8559C02FB8E}
		{F8E7F942-5D8F-4304-810A-26A842748B50} = {F966C5FD-1FF6-4143-A082-A8559C02FB8E}
		{AFFBB2CF-3F1D-4C67-AD25-2C39010104AF} = {F966C5FD-1FF6-4143-A082-A8559C02FB8E}
		{CA222FF8-194A-4AD3-A782-750E286A7683} = {C342E0F4-A469-48A5-9021-B62147FB0DF7}
		{3E0E8608-CD9B-4C76-AF33-29CA38F2C9F0} = {B7695CF9-94A4-4A10-B426-E384F1694697}
	EndGlobalSection
	GlobalSection(ExtensibilityGlobals) = postSolution
		SolutionGuid = {13451E38-7336-4C82-8A07-5C4775703216}
	EndGlobalSection
EndGlobal
